
Microsoft Visual Studio Solution File, Format Version 12.00
# Visual Studio 15
VisualStudioVersion = 15.0.28307.1062
MinimumVisualStudioVersion = 10.0.40219.1
Project("{FAE04EC0-301F-11D3-BF4B-00C04F79EFBC}") = "Validacja", "Validacja\Validacja.csproj", "{049232C7-5EA2-4D9B-BAA7-F83634842A4E}"
EndProject
Global
	GlobalSection(SolutionConfigurationPlatforms) = preSolution
		Debug|Any CPU = Debug|Any CPU
		Release|Any CPU = Release|Any CPU
	EndGlobalSection
	GlobalSection(ProjectConfigurationPlatforms) = postSolution
		{049232C7-5EA2-4D9B-BAA7-F83634842A4E}.Debug|Any CPU.ActiveCfg = Debug|Any CPU
		{049232C7-5EA2-4D9B-BAA7-F83634842A4E}.Debug|Any CPU.Build.0 = Debug|Any CPU
		{049232C7-5EA2-4D9B-BAA7-F83634842A4E}.Release|Any CPU.ActiveCfg = Release|Any CPU
		{049232C7-5EA2-4D9B-BAA7-F83634842A4E}.Release|Any CPU.Build.0 = Release|Any CPU
	EndGlobalSection
	GlobalSection(SolutionProperties) = preSolution
		HideSolutionNode = FALSE
	EndGlobalSection
	GlobalSection(ExtensibilityGlobals) = postSolution
		SolutionGuid = {09DFEA80-1C37-4DB1-9ABD-B874F6B80283}
	EndGlobalSection
EndGlobal
